
Microsoft Visual Studio Solution File, Format Version 12.00
# Visual Studio 15
Project("{FAE04EC0-301F-11D3-BF4B-00C04F79EFBC}") = "VuforiaScripts", "VuforiaScripts.csproj", "{2FF1626F-20F2-9D18-E734-89A1F2900B53}"
EndProject
Project("{FAE04EC0-301F-11D3-BF4B-00C04F79EFBC}") = "VuforiaEditorScripts", "VuforiaEditorScripts.csproj", "{C6464157-6C78-0372-6DAC-4DF4E839193C}"
EndProject
Global
	GlobalSection(SolutionConfigurationPlatforms) = preSolution
		Debug|Any CPU = Debug|Any CPU
		Release|Any CPU = Release|Any CPU
	EndGlobalSection
	GlobalSection(ProjectConfigurationPlatforms) = postSolution
		{2FF1626F-20F2-9D18-E734-89A1F2900B53}.Debug|Any CPU.ActiveCfg = Debug|Any CPU
		{2FF1626F-20F2-9D18-E734-89A1F2900B53}.Debug|Any CPU.Build.0 = Debug|Any CPU
		{2FF1626F-20F2-9D18-E734-89A1F2900B53}.Release|Any CPU.ActiveCfg = Release|Any CPU
		{2FF1626F-20F2-9D18-E734-89A1F2900B53}.Release|Any CPU.Build.0 = Release|Any CPU
		{C6464157-6C78-0372-6DAC-4DF4E839193C}.Debug|Any CPU.ActiveCfg = Debug|Any CPU
		{C6464157-6C78-0372-6DAC-4DF4E839193C}.Debug|Any CPU.Build.0 = Debug|Any CPU
		{C6464157-6C78-0372-6DAC-4DF4E839193C}.Release|Any CPU.ActiveCfg = Release|Any CPU
		{C6464157-6C78-0372-6DAC-4DF4E839193C}.Release|Any CPU.Build.0 = Release|Any CPU
	EndGlobalSection
	GlobalSection(SolutionProperties) = preSolution
		HideSolutionNode = FALSE
	EndGlobalSection
EndGlobal
